// !$*UTF8*$!
{
	archiveVersion = 1;
	classes = {
	};
	objectVersion = 50;
	objects = {

/* Begin PBXBuildFile section */
		A9421E6423C5B3BF0033DE27 /* AppDelegate.swift in Sources */ = {isa = PBXBuildFile; fileRef = A9421E6323C5B3BF0033DE27 /* AppDelegate.swift */; };
		A9421E6623C5B3BF0033DE27 /* SceneDelegate.swift in Sources */ = {isa = PBXBuildFile; fileRef = A9421E6523C5B3BF0033DE27 /* SceneDelegate.swift */; };
		A9421E6823C5B3BF0033DE27 /* ViewController.swift in Sources */ = {isa = PBXBuildFile; fileRef = A9421E6723C5B3BF0033DE27 /* ViewController.swift */; };
		A9421E6B23C5B3BF0033DE27 /* Main.storyboard in Resources */ = {isa = PBXBuildFile; fileRef = A9421E6923C5B3BF0033DE27 /* Main.storyboard */; };
		A9421E6D23C5B3C30033DE27 /* Assets.xcassets in Resources */ = {isa = PBXBuildFile; fileRef = A9421E6C23C5B3C30033DE27 /* Assets.xcassets */; };
		A9421E7023C5B3C30033DE27 /* LaunchScreen.storyboard in Resources */ = {isa = PBXBuildFile; fileRef = A9421E6E23C5B3C30033DE27 /* LaunchScreen.storyboard */; };
		A9421E7823C5BDF30033DE27 /* DetailsViewController.swift in Sources */ = {isa = PBXBuildFile; fileRef = A9421E7723C5BDF30033DE27 /* DetailsViewController.swift */; };
/* End PBXBuildFile section */

/* Begin PBXFileReference section */
		A9421E6023C5B3BF0033DE27 /* GoogleLoginGitHub.app */ = {isa = PBXFileReference; explicitFileType = wrapper.application; includeInIndex = 0; path = GoogleLoginGitHub.app; sourceTree = BUILT_PRODUCTS_DIR; };
		A9421E6323C5B3BF0033DE27 /* AppDelegate.swift */ = {isa = PBXFileReference; lastKnownFileType = sourcecode.swift; path = AppDelegate.swift; sourceTree = "<group>"; };
		A9421E6523C5B3BF0033DE27 /* SceneDelegate.swift */ = {isa = PBXFileReference; lastKnownFileType = sourcecode.swift; path = SceneDelegate.swift; sourceTree = "<group>"; };
		A9421E6723C5B3BF0033DE27 /* ViewController.swift */ = {isa = PBXFileReference; lastKnownFileType = sourcecode.swift; path = ViewController.swift; sourceTree = "<group>"; };
		A9421E6A23C5B3BF0033DE27 /* Base */ = {isa = PBXFileReference; lastKnownFileType = file.storyboard; name = Base; path = Base.lproj/Main.storyboard; sourceTree = "<group>"; };
		A9421E6C23C5B3C30033DE27 /* Assets.xcassets */ = {isa = PBXFileReference; lastKnownFileType = folder.assetcatalog; path = Assets.xcassets; sourceTree = "<group>"; };
		A9421E6F23C5B3C30033DE27 /* Base */ = {isa = PBXFileReference; lastKnownFileType = file.storyboard; name = Base; path = Base.lproj/LaunchScreen.storyboard; sourceTree = "<group>"; };
		A9421E7123C5B3C30033DE27 /* Info.plist */ = {isa = PBXFileReference; lastKnownFileType = text.plist.xml; path = Info.plist; sourceTree = "<group>"; };
		A9421E7723C5BDF30033DE27 /* DetailsViewController.swift */ = {isa = PBXFileReference; lastKnownFileType = sourcecode.swift; path = DetailsViewController.swift; sourceTree = "<group>"; };
/* End PBXFileReference section */

/* Begin PBXFrameworksBuildPhase section */
		A9421E5D23C5B3BF0033DE27 /* Frameworks */ = {
			isa = PBXFrameworksBuildPhase;
			buildActionMask = 2147483647;
			files = (
			);
			runOnlyForDeploymentPostprocessing = 0;
		};
/* End PBXFrameworksBuildPhase section */

/* Begin PBXGroup section */
		A9421E5723C5B3BF0033DE27 = {
			isa = PBXGroup;
			children = (
				A9421E6223C5B3BF0033DE27 /* GoogleLoginGitHub */,
				A9421E6123C5B3BF0033DE27 /* Products */,
			);
			sourceTree = "<group>";
		};
		A9421E6123C5B3BF0033DE27 /* Products */ = {
			isa = PBXGroup;
			children = (
				A9421E6023C5B3BF0033DE27 /* GoogleLoginGitHub.app */,
			);
			name = Products;
			sourceTree = "<group>";
		};
		A9421E6223C5B3BF0033DE27 /* GoogleLoginGitHub */ = {
			isa = PBXGroup;
			children = (
				A9421E6323C5B3BF0033DE27 /* AppDelegate.swift */,
				A9421E6523C5B3BF0033DE27 /* SceneDelegate.swift */,
				A9421E6723C5B3BF0033DE27 /* ViewController.swift */,
				A9421E6923C5B3BF0033DE27 /* Main.storyboard */,
				A9421E6C23C5B3C30033DE27 /* Assets.xcassets */,
				A9421E6E23C5B3C30033DE27 /* LaunchScreen.storyboard */,
				A9421E7123C5B3C30033DE27 /* Info.plist */,
				A9421E7723C5BDF30033DE27 /* DetailsViewController.swift */,
			);
			path = GoogleLoginGitHub;
			sourceTree = "<group>";
		};
/* End PBXGroup section */

/* Begin PBXNativeTarget section */
		A9421E5F23C5B3BF0033DE27 /* GoogleLoginGitHub */ = {
			isa = PBXNativeTarget;
			buildConfigurationList = A9421E7423C5B3C30033DE27 /* Build configuration list for PBXNativeTarget "GoogleLoginGitHub" */;
			buildPhases = (
				A9421E5C23C5B3BF0033DE27 /* Sources */,
				A9421E5D23C5B3BF0033DE27 /* Frameworks */,
				A9421E5E23C5B3BF0033DE27 /* Resources */,
			);
			buildRules = (
			);
			dependencies = (
			);
			name = GoogleLoginGitHub;
			productName = GoogleLoginGitHub;
			productReference = A9421E6023C5B3BF0033DE27 /* GoogleLoginGitHub.app */;
			productType = "com.apple.product-type.application";
		};
/* End PBXNativeTarget section */

/* Begin PBXProject section */
		A9421E5823C5B3BF0033DE27 /* Project object */ = {
			isa = PBXProject;
			attributes = {
				LastSwiftUpdateCheck = 1100;
				LastUpgradeCheck = 1100;
				ORGANIZATIONNAME = "Touqueir Ahmad";
				TargetAttributes = {
					A9421E5F23C5B3BF0033DE27 = {
						CreatedOnToolsVersion = 11.0;
					};
				};
			};
			buildConfigurationList = A9421E5B23C5B3BF0033DE27 /* Build configuration list for PBXProject "GoogleLoginGitHub" */;
			compatibilityVersion = "Xcode 9.3";
			developmentRegion = en;
			hasScannedForEncodings = 0;
			knownRegions = (
				en,
				Base,
			);
			mainGroup = A9421E5723C5B3BF0033DE27;
			productRefGroup = A9421E6123C5B3BF0033DE27 /* Products */;
			projectDirPath = "";
			projectRoot = "";
			targets = (
				A9421E5F23C5B3BF0033DE27 /* GoogleLoginGitHub */,
			);
		};
/* End PBXProject section */

/* Begin PBXResourcesBuildPhase section */
		A9421E5E23C5B3BF0033DE27 /* Resources */ = {
			isa = PBXResourcesBuildPhase;
			buildActionMask = 2147483647;
			files = (
				A9421E7023C5B3C30033DE27 /* LaunchScreen.storyboard in Resources */,
				A9421E6D23C5B3C30033DE27 /* Assets.xcassets in Resources */,
				A9421E6B23C5B3BF0033DE27 /* Main.storyboard in Resources */,
			);
			runOnlyForDeploymentPostprocessing = 0;
		};
/* End PBXResourcesBuildPhase section */

/* Begin PBXSourcesBuildPhase section */
		A9421E5C23C5B3BF0033DE27 /* Sources */ = {
			isa = PBXSourcesBuildPhase;
			buildActionMask = 2147483647;
			files = (
				A9421E6823C5B3BF0033DE27 /* ViewController.swift in Sources */,
				A9421E6423C5B3BF0033DE27 /* AppDelegate.swift in Sources */,
				A9421E6623C5B3BF0033DE27 /* SceneDelegate.swift in Sources */,
				A9421E7823C5BDF30033DE27 /* DetailsViewController.swift in Sources */,
			);
			runOnlyForDeploymentPostprocessing = 0;
		};
/* End PBXSourcesBuildPhase section */

/* Begin PBXVariantGroup section */
		A9421E6923C5B3BF0033DE27 /* Main.storyboard */ = {
			isa = PBXVariantGroup;
			children = (
				A9421E6A23C5B3BF0033DE27 /* Base */,
			);
			name = Main.storyboard;
			sourceTree = "<group>";
		};
		A9421E6E23C5B3C30033DE27 /* LaunchScreen.storyboard */ = {
			isa = PBXVariantGroup;
			children = (
				A9421E6F23C5B3C30033DE27 /* Base */,
			);
			name = LaunchScreen.storyboard;
			sourceTree = "<group>";
		};
/* End PBXVariantGroup section */

/* Begin XCBuildConfiguration section */
		A9421E7223C5B3C30033DE27 /* Debug */ = {
			isa = XCBuildConfiguration;
			buildSettings = {
				ALWAYS_SEARCH_USER_PATHS = NO;
				CLANG_ANALYZER_NONNULL = YES;
				CLANG_ANALYZER_NUMBER_OBJECT_CONVERSION = YES_AGGRESSIVE;
				CLANG_CXX_LANGUAGE_STANDARD = "gnu++14";
				CLANG_CXX_LIBRARY = "libc++";
				CLANG_ENABLE_MODULES = YES;
				CLANG_ENABLE_OBJC_ARC = YES;
				CLANG_ENABLE_OBJC_WEAK = YES;
				CLANG_WARN_BLOCK_CAPTURE_AUTORELEASING = YES;
				CLANG_WARN_BOOL_CONVERSION = YES;
				CLANG_WARN_COMMA = YES;
				CLANG_WARN_CONSTANT_CONVERSION = YES;
				CLANG_WARN_DEPRECATED_OBJC_IMPLEMENTATIONS = YES;
				CLANG_WARN_DIRECT_OBJC_ISA_USAGE = YES_ERROR;
				CLANG_WARN_DOCUMENTATION_COMMENTS = YES;
				CLANG_WARN_EMPTY_BODY = YES;
				CLANG_WARN_ENUM_CONVERSION = YES;
				CLANG_WARN_INFINITE_RECURSION = YES;
				CLANG_WARN_INT_CONVERSION = YES;
				CLANG_WARN_NON_LITERAL_NULL_CONVERSION = YES;
				CLANG_WARN_OBJC_IMPLICIT_RETAIN_SELF = YES;
				CLANG_WARN_OBJC_LITERAL_CONVERSION = YES;
				CLANG_WARN_OBJC_ROOT_CLASS = YES_ERROR;
				CLANG_WARN_RANGE_LOOP_ANALYSIS = YES;
				CLANG_WARN_STRICT_PROTOTYPES = YES;
				CLANG_WARN_SUSPICIOUS_MOVE = YES;
				CLANG_WARN_UNGUARDED_AVAILABILITY = YES_AGGRESSIVE;
				CLANG_WARN_UNREACHABLE_CODE = YES;
				CLANG_WARN__DUPLICATE_METHOD_MATCH = YES;
				COPY_PHASE_STRIP = NO;
				DEBUG_INFORMATION_FORMAT = dwarf;
				ENABLE_STRICT_OBJC_MSGSEND = YES;
				ENABLE_TESTABILITY = YES;
				GCC_C_LANGUAGE_STANDARD = gnu11;
				GCC_DYNAMIC_NO_PIC = NO;
				GCC_NO_COMMON_BLOCKS = YES;
				GCC_OPTIMIZATION_LEVEL = 0;
				GCC_PREPROCESSOR_DEFINITIONS = (
					"DEBUG=1",
					"$(inherited)",
				);
				GCC_WARN_64_TO_32_BIT_CONVERSION = YES;
				GCC_WARN_ABOUT_RETURN_TYPE = YES_ERROR;
				GCC_WARN_UNDECLARED_SELECTOR = YES;
				GCC_WARN_UNINITIALIZED_AUTOS = YES_AGGRESSIVE;
				GCC_WARN_UNUSED_FUNCTION = YES;
				GCC_WARN_UNUSED_VARIABLE = YES;
				IPHONEOS_DEPLOYMENT_TARGET = 13.0;
				MTL_ENABLE_DEBUG_INFO = INCLUDE_SOURCE;
				MTL_FAST_MATH = YES;
				ONLY_ACTIVE_ARCH = YES;
				SDKROOT = iphoneos;
				SWIFT_ACTIVE_COMPILATION_CONDITIONS = DEBUG;
				SWIFT_OPTIMIZATION_LEVEL = "-Onone";
			};
			name = Debug;
		};
		A9421E7323C5B3C30033DE27 /* Release */ = {
			isa = XCBuildConfiguration;
			buildSettings = {
				ALWAYS_SEARCH_USER_PATHS = NO;
				CLANG_ANALYZER_NONNULL = YES;
				CLANG_ANALYZER_NUMBER_OBJECT_CONVERSION = YES_AGGRESSIVE;
				CLANG_CXX_LANGUAGE_STANDARD = "gnu++14";
				CLANG_CXX_LIBRARY = "libc++";
				CLANG_ENABLE_MODULES = YES;
				CLANG_ENABLE_OBJC_ARC = YES;
				CLANG_ENABLE_OBJC_WEAK = YES;
				CLANG_WARN_BLOCK_CAPTURE_AUTORELEASING = YES;
				CLANG_WARN_BOOL_CONVERSION = YES;
				CLANG_WARN_COMMA = YES;
				CLANG_WARN_CONSTANT_CONVERSION = YES;
				CLANG_WARN_DEPRECATED_OBJC_IMPLEMENTATIONS = YES;
				CLANG_WARN_DIRECT_OBJC_ISA_USAGE = YES_ERROR;
				CLANG_WARN_DOCUMENTATION_COMMENTS = YES;
				CLANG_WARN_EMPTY_BODY = YES;
				CLANG_WARN_ENUM_CONVERSION = YES;
				CLANG_WARN_INFINITE_RECURSION = YES;
				CLANG_WARN_INT_CONVERSION = YES;
				CLANG_WARN_NON_LITERAL_NULL_CONVERSION = YES;
				CLANG_WARN_OBJC_IMPLICIT_RETAIN_SELF = YES;
				CLANG_WARN_OBJC_LITERAL_CONVERSION = YES;
				CLANG_WARN_OBJC_ROOT_CLASS = YES_ERROR;
				CLANG_WARN_RANGE_LOOP_ANALYSIS = YES;
				CLANG_WARN_STRICT_PROTOTYPES = YES;
				CLANG_WARN_SUSPICIOUS_MOVE = YES;
				CLANG_WARN_UNGUARDED_AVAILABILITY = YES_AGGRESSIVE;
				CLANG_WARN_UNREACHABLE_CODE = YES;
				CLANG_WARN__DUPLICATE_METHOD_MATCH = YES;
				COPY_PHASE_STRIP = NO;
				DEBUG_INFORMATION_FORMAT = "dwarf-with-dsym";
				ENABLE_NS_ASSERTIONS = NO;
				ENABLE_STRICT_OBJC_MSGSEND = YES;
				GCC_C_LANGUAGE_STANDARD = gnu11;
				GCC_NO_COMMON_BLOCKS = YES;
				GCC_WARN_64_TO_32_BIT_CONVERSION = YES;
				GCC_WARN_ABOUT_RETURN_TYPE = YES_ERROR;
				GCC_WARN_UNDECLARED_SELECTOR = YES;
				GCC_WARN_UNINITIALIZED_AUTOS = YES_AGGRESSIVE;
				GCC_WARN_UNUSED_FUNCTION = YES;
				GCC_WARN_UNUSED_VARIABLE = YES;
				IPHONEOS_DEPLOYMENT_TARGET = 13.0;
				MTL_ENABLE_DEBUG_INFO = NO;
				MTL_FAST_MATH = YES;
				SDKROOT = iphoneos;
				SWIFT_COMPILATION_MODE = wholemodule;
				SWIFT_OPTIMIZATION_LEVEL = "-O";
				VALIDATE_PRODUCT = YES;
			};
			name = Release;
		};
		A9421E7523C5B3C30033DE27 /* Debug */ = {
			isa = XCBuildConfiguration;
			buildSettings = {
				ASSETCATALOG_COMPILER_APPICON_NAME = AppIcon;
				CODE_SIGN_STYLE = Automatic;
				DEVELOPMENT_TEAM = Q2A7CP39TD;
				INFOPLIST_FILE = GoogleLoginGitHub/Info.plist;
				LD_RUNPATH_SEARCH_PATHS = (
					"$(inherited)",
					"@executable_path/Frameworks",
				);
				PRODUCT_BUNDLE_IDENTIFIER = com.toqsoft.GoogleLoginGitHub;
				PRODUCT_NAME = "$(TARGET_NAME)";
				SWIFT_VERSION = 5.0;
				TARGETED_DEVICE_FAMILY = "1,2";
			};
			name = Debug;
		};
		A9421E7623C5B3C30033DE27 /* Release */ = {
			isa = XCBuildConfiguration;
			buildSettings = {
				ASSETCATALOG_COMPILER_APPICON_NAME = AppIcon;
				CODE_SIGN_STYLE = Automatic;
				DEVELOPMENT_TEAM = Q2A7CP39TD;
				INFOPLIST_FILE = GoogleLoginGitHub/Info.plist;
				LD_RUNPATH_SEARCH_PATHS = (
					"$(inherited)",
					"@executable_path/Frameworks",
				);
				PRODUCT_BUNDLE_IDENTIFIER = com.toqsoft.GoogleLoginGitHub;
				PRODUCT_NAME = "$(TARGET_NAME)";
				SWIFT_VERSION = 5.0;
				TARGETED_DEVICE_FAMILY = "1,2";
			};
			name = Release;
		};
/* End XCBuildConfiguration section */

/* Begin XCConfigurationList section */
		A9421E5B23C5B3BF0033DE27 /* Build configuration list for PBXProject "GoogleLoginGitHub" */ = {
			isa = XCConfigurationList;
			buildConfigurations = (
				A9421E7223C5B3C30033DE27 /* Debug */,
				A9421E7323C5B3C30033DE27 /* Release */,
			);
			defaultConfigurationIsVisible = 0;
			defaultConfigurationName = Release;
		};
		A9421E7423C5B3C30033DE27 /* Build configuration list for PBXNativeTarget "GoogleLoginGitHub" */ = {
			isa = XCConfigurationList;
			buildConfigurations = (
				A9421E7523C5B3C30033DE27 /* Debug */,
				A9421E7623C5B3C30033DE27 /* Release */,
			);
			defaultConfigurationIsVisible = 0;
			defaultConfigurationName = Release;
		};
/* End XCConfigurationList section */
	};
	rootObject = A9421E5823C5B3BF0033DE27 /* Project object */;
}
